dependencies:
  espressif/led_strip:
    component_hash: b578eb926d9f6402fd45398b53c9bd5d1b7a15c1b2974d25aa3088e6c79b0b4c
    dependencies:
    - name: idf
      require: private
      version: '>=5.0'
    source:
      registry_url: https://components.espressif.com/
      type: service
    version: 3.0.1
  idf:
    source:
      type: idf
    version: 5.4.1
  joltwallet/littlefs:
    component_hash: e1dbe782be5aa58e879fe9f22bee60e5ff68acbfe3793d92a2e730c27374c787
    dependencies:
    - name: idf
      require: private
      version: '>=5.0'
    source:
      registry_url: https://components.espressif.com/
      type: service
    version: 1.19.2
  k0i05/esp_type_utils:
    dependencies: []
    source:
      path: D:\Projects\ESP\ESP32-C6-OLED\AQS-Indoor
      type: local
    version: '*'
  lvgl/lvgl:
    component_hash: 096c69af22eaf8a2b721e3913da91918c5e6bf1a762a113ec01f401aa61337a0
    dependencies: []
    source:
      registry_url: https://components.espressif.com/
      type: service
    version: 9.2.2
direct_dependencies:
- espressif/led_strip
- idf
- joltwallet/littlefs
- k0i05/esp_type_utils
- lvgl/lvgl
manifest_hash: 529aa88da85879fe22ed9dfa4fa3e9d5b38b9523d2e66cc9100d9b55eadba442
target: esp32c6
version: 2.0.0
